
Microsoft Visual Studio Solution File, Format Version 12.00
# Visual Studio Version 16
VisualStudioVersion = 16.0.30611.23
MinimumVisualStudioVersion = 15.0.26124.0
Project("{FAE04EC0-301F-11D3-BF4B-00C04F79EFBC}") = "Kyrs9.Objects", "Objects/Kyrs9.Objects.csproj", "c380501e-6650-4210-9893-bf91b23108d8"
EndProject
Project("{FAE04EC0-301F-11D3-BF4B-00C04F79EFBC}") = "Kyrs9.Tests", "Tests/Kyrs9.Tests.csproj", "a0ac6b44-e7aa-460c-8127-a443b7a571d3"
EndProject
Project("{FAE04EC0-301F-11D3-BF4B-00C04F79EFBC}") = "Kyrs9.IntegrationTests", "IntegrationTests/Kyrs9.IntegrationTests.csproj", "780ac88f-aad1-4de3-9a27-c3c7358d4720"
EndProject
Global
	GlobalSection(SolutionConfigurationPlatforms) = preSolution
Debug|Any CPU = Debug|Any CPU
Release|Any CPU = Release|Any CPU
	EndGlobalSection
	GlobalSection(ProjectConfigurationPlatforms) = postSolution
		c380501e-6650-4210-9893-bf91b23108d8.Debug|Any CPU.ActiveCfg = Debug|Any CPU
		c380501e-6650-4210-9893-bf91b23108d8.Debug|Any CPU.Build.0 = Debug|Any CPU
		c380501e-6650-4210-9893-bf91b23108d8.Release|Any CPU.ActiveCfg = Release|Any CPU
		c380501e-6650-4210-9893-bf91b23108d8.Release|Any CPU.Build.0 = Release|Any CPU
		a0ac6b44-e7aa-460c-8127-a443b7a571d3.Debug|Any CPU.ActiveCfg = Debug|Any CPU
		a0ac6b44-e7aa-460c-8127-a443b7a571d3.Debug|Any CPU.Build.0 = Debug|Any CPU
		a0ac6b44-e7aa-460c-8127-a443b7a571d3.Release|Any CPU.ActiveCfg = Release|Any CPU
		a0ac6b44-e7aa-460c-8127-a443b7a571d3.Release|Any CPU.Build.0 = Release|Any CPU
		780ac88f-aad1-4de3-9a27-c3c7358d4720.Debug|Any CPU.ActiveCfg = Debug|Any CPU
		780ac88f-aad1-4de3-9a27-c3c7358d4720.Debug|Any CPU.Build.0 = Debug|Any CPU
		780ac88f-aad1-4de3-9a27-c3c7358d4720.Release|Any CPU.ActiveCfg = Release|Any CPU
		780ac88f-aad1-4de3-9a27-c3c7358d4720.Release|Any CPU.Build.0 = Release|Any CPU
	EndGlobalSection
	GlobalSection(SolutionProperties) = preSolution
		HideSolutionNode = FALSE
	EndGlobalSection
EndGlobal
